
Microsoft Visual Studio Solution File, Format Version 12.00
# Visual Studio Version 16
VisualStudioVersion = 16.0.32228.343
MinimumVisualStudioVersion = 10.0.40219.1
Project("{FAE04EC0-301F-11D3-BF4B-00C04F79EFBC}") = "RegistroUsuario", "RegistroUsuario\RegistroUsuario.csproj", "{FAA2D089-CF78-426B-B629-8D6EE4357713}"
EndProject
Global
	GlobalSection(SolutionConfigurationPlatforms) = preSolution
		Debug|Any CPU = Debug|Any CPU
		Release|Any CPU = Release|Any CPU
	EndGlobalSection
	GlobalSection(ProjectConfigurationPlatforms) = postSolution
		{FAA2D089-CF78-426B-B629-8D6EE4357713}.Debug|Any CPU.ActiveCfg = Debug|Any CPU
		{FAA2D089-CF78-426B-B629-8D6EE4357713}.Debug|Any CPU.Build.0 = Debug|Any CPU
		{FAA2D089-CF78-426B-B629-8D6EE4357713}.Release|Any CPU.ActiveCfg = Release|Any CPU
		{FAA2D089-CF78-426B-B629-8D6EE4357713}.Release|Any CPU.Build.0 = Release|Any CPU
	EndGlobalSection
	GlobalSection(SolutionProperties) = preSolution
		HideSolutionNode = FALSE
	EndGlobalSection
	GlobalSection(ExtensibilityGlobals) = postSolution
		SolutionGuid = {A772BDD8-60B7-4FCC-B0C2-1AC997A5A7D8}
	EndGlobalSection
EndGlobal
